
Microsoft Visual Studio Solution File, Format Version 12.00
# Visual Studio Version 16
VisualStudioVersion = 16.0.33328.57
MinimumVisualStudioVersion = 10.0.40219.1
Project("{FAE04EC0-301F-11D3-BF4B-00C04F79EFBC}") = "AbstractClass", "AbstractClass\AbstractClass.csproj", "{6AE324B9-8E9B-4879-9138-49EBAC5628EA}"
EndProject
Global
	GlobalSection(SolutionConfigurationPlatforms) = preSolution
		Debug|Any CPU = Debug|Any CPU
		Release|Any CPU = Release|Any CPU
	EndGlobalSection
	GlobalSection(ProjectConfigurationPlatforms) = postSolution
		{6AE324B9-8E9B-4879-9138-49EBAC5628EA}.Debug|Any CPU.ActiveCfg = Debug|Any CPU
		{6AE324B9-8E9B-4879-9138-49EBAC5628EA}.Debug|Any CPU.Build.0 = Debug|Any CPU
		{6AE324B9-8E9B-4879-9138-49EBAC5628EA}.Release|Any CPU.ActiveCfg = Release|Any CPU
		{6AE324B9-8E9B-4879-9138-49EBAC5628EA}.Release|Any CPU.Build.0 = Release|Any CPU
	EndGlobalSection
	GlobalSection(SolutionProperties) = preSolution
		HideSolutionNode = FALSE
	EndGlobalSection
	GlobalSection(ExtensibilityGlobals) = postSolution
		SolutionGuid = {0282B89B-693D-4E34-9289-B401C85D38A6}
	EndGlobalSection
EndGlobal
